// !$*UTF8*$!
{
	archiveVersion = 1;
	classes = {
	};
	objectVersion = 56;
	objects = {

/* Begin PBXBuildFile section */
		83586F362C1B1EB70040F136 /* AppDelegate.swift in Sources */ = {isa = PBXBuildFile; fileRef = 83586F352C1B1EB70040F136 /* AppDelegate.swift */; };
		83586F382C1B1EB70040F136 /* SceneDelegate.swift in Sources */ = {isa = PBXBuildFile; fileRef = 83586F372C1B1EB70040F136 /* SceneDelegate.swift */; };
		83586F3F2C1B1EC00040F136 /* app.xcassets in Resources */ = {isa = PBXBuildFile; fileRef = 83586F3E2C1B1EC00040F136 /* app.xcassets */; };
		838BFD9F2C3FA97F00941063 /* GradientView.swift in Sources */ = {isa = PBXBuildFile; fileRef = 838BFD9E2C3FA97F00941063 /* GradientView.swift */; };
		83B60BC62C2A8B5900B310C9 /* WelcomeViewController.swift in Sources */ = {isa = PBXBuildFile; fileRef = 83B60BC52C2A8B5900B310C9 /* WelcomeViewController.swift */; };
		83B8A6F42C43D00300FCD275 /* colors.xcassets in Resources */ = {isa = PBXBuildFile; fileRef = 83B8A6F32C43D00300FCD275 /* colors.xcassets */; };
		83B8A6F72C43D1BD00FCD275 /* Color.swift in Sources */ = {isa = PBXBuildFile; fileRef = 83B8A6F62C43D1BD00FCD275 /* Color.swift */; };
		83B8A6FA2C43D2FC00FCD275 /* String+Color.swift in Sources */ = {isa = PBXBuildFile; fileRef = 83B8A6F92C43D2FC00FCD275 /* String+Color.swift */; };
		83B8A6FC2C43D65900FCD275 /* images.xcassets in Resources */ = {isa = PBXBuildFile; fileRef = 83B8A6FB2C43D65900FCD275 /* images.xcassets */; };
		83B8A6FE2C43D71100FCD275 /* String+Image.swift in Sources */ = {isa = PBXBuildFile; fileRef = 83B8A6FD2C43D71100FCD275 /* String+Image.swift */; };
		83B8A7002C4D26F100FCD275 /* CustomButton.swift in Sources */ = {isa = PBXBuildFile; fileRef = 83B8A6FF2C4D26F100FCD275 /* CustomButton.swift */; };
/* End PBXBuildFile section */

/* Begin PBXFileReference section */
		83586F322C1B1EB70040F136 /* VkApp.app */ = {isa = PBXFileReference; explicitFileType = wrapper.application; includeInIndex = 0; path = VkApp.app; sourceTree = BUILT_PRODUCTS_DIR; };
		83586F352C1B1EB70040F136 /* AppDelegate.swift */ = {isa = PBXFileReference; lastKnownFileType = sourcecode.swift; path = AppDelegate.swift; sourceTree = "<group>"; };
		83586F372C1B1EB70040F136 /* SceneDelegate.swift */ = {isa = PBXFileReference; lastKnownFileType = sourcecode.swift; path = SceneDelegate.swift; sourceTree = "<group>"; };
		83586F3E2C1B1EC00040F136 /* app.xcassets */ = {isa = PBXFileReference; lastKnownFileType = folder.assetcatalog; path = app.xcassets; sourceTree = "<group>"; };
		83586F432C1B1EC00040F136 /* Info.plist */ = {isa = PBXFileReference; lastKnownFileType = text.plist.xml; path = Info.plist; sourceTree = "<group>"; };
		838BFD9E2C3FA97F00941063 /* GradientView.swift */ = {isa = PBXFileReference; lastKnownFileType = sourcecode.swift; path = GradientView.swift; sourceTree = "<group>"; };
		83B60BC52C2A8B5900B310C9 /* WelcomeViewController.swift */ = {isa = PBXFileReference; lastKnownFileType = sourcecode.swift; path = WelcomeViewController.swift; sourceTree = "<group>"; };
		83B8A6F32C43D00300FCD275 /* colors.xcassets */ = {isa = PBXFileReference; lastKnownFileType = folder.assetcatalog; path = colors.xcassets; sourceTree = "<group>"; };
		83B8A6F62C43D1BD00FCD275 /* Color.swift */ = {isa = PBXFileReference; lastKnownFileType = sourcecode.swift; path = Color.swift; sourceTree = "<group>"; };
		83B8A6F92C43D2FC00FCD275 /* String+Color.swift */ = {isa = PBXFileReference; lastKnownFileType = sourcecode.swift; path = "String+Color.swift"; sourceTree = "<group>"; };
		83B8A6FB2C43D65900FCD275 /* images.xcassets */ = {isa = PBXFileReference; lastKnownFileType = folder.assetcatalog; path = images.xcassets; sourceTree = "<group>"; };
		83B8A6FD2C43D71100FCD275 /* String+Image.swift */ = {isa = PBXFileReference; lastKnownFileType = sourcecode.swift; path = "String+Image.swift"; sourceTree = "<group>"; };
		83B8A6FF2C4D26F100FCD275 /* CustomButton.swift */ = {isa = PBXFileReference; lastKnownFileType = sourcecode.swift; path = CustomButton.swift; sourceTree = "<group>"; };
/* End PBXFileReference section */

/* Begin PBXFrameworksBuildPhase section */
		83586F2F2C1B1EB70040F136 /* Frameworks */ = {
			isa = PBXFrameworksBuildPhase;
			buildActionMask = 2147483647;
			files = (
			);
			runOnlyForDeploymentPostprocessing = 0;
		};
/* End PBXFrameworksBuildPhase section */

/* Begin PBXGroup section */
		83586F292C1B1EB60040F136 = {
			isa = PBXGroup;
			children = (
				83586F342C1B1EB70040F136 /* app */,
				83586F332C1B1EB70040F136 /* Products */,
			);
			sourceTree = "<group>";
		};
		83586F332C1B1EB70040F136 /* Products */ = {
			isa = PBXGroup;
			children = (
				83586F322C1B1EB70040F136 /* VkApp.app */,
			);
			name = Products;
			sourceTree = "<group>";
		};
		83586F342C1B1EB70040F136 /* app */ = {
			isa = PBXGroup;
			children = (
				83586F502C1B215C0040F136 /* config */,
				83586F4F2C1B21510040F136 /* resources */,
				838BFD9B2C3FA5EB00941063 /* sources */,
			);
			path = app;
			sourceTree = "<group>";
		};
		83586F492C1B1FB60040F136 /* Screens */ = {
			isa = PBXGroup;
			children = (
				83B60BC42C2A8B3D00B310C9 /* Welcome */,
			);
			path = Screens;
			sourceTree = "<group>";
		};
		83586F4F2C1B21510040F136 /* resources */ = {
			isa = PBXGroup;
			children = (
				83586F3E2C1B1EC00040F136 /* app.xcassets */,
				83B8A6F32C43D00300FCD275 /* colors.xcassets */,
				83B8A6FB2C43D65900FCD275 /* images.xcassets */,
			);
			path = resources;
			sourceTree = "<group>";
		};
		83586F502C1B215C0040F136 /* config */ = {
			isa = PBXGroup;
			children = (
				83586F432C1B1EC00040F136 /* Info.plist */,
			);
			path = config;
			sourceTree = "<group>";
		};
		838BFD9B2C3FA5EB00941063 /* sources */ = {
			isa = PBXGroup;
			children = (
				83586F352C1B1EB70040F136 /* AppDelegate.swift */,
				83586F372C1B1EB70040F136 /* SceneDelegate.swift */,
				838BFD9C2C3FA63400941063 /* Main */,
			);
			path = sources;
			sourceTree = "<group>";
		};
		838BFD9C2C3FA63400941063 /* Main */ = {
			isa = PBXGroup;
			children = (
				83B8A6F82C43D2D900FCD275 /* Extensions */,
				83B8A6F52C43D1A200FCD275 /* Common */,
				838BFD9D2C3FA95000941063 /* Components */,
				83586F492C1B1FB60040F136 /* Screens */,
			);
			path = Main;
			sourceTree = "<group>";
		};
		838BFD9D2C3FA95000941063 /* Components */ = {
			isa = PBXGroup;
			children = (
				838BFD9E2C3FA97F00941063 /* GradientView.swift */,
				83B8A6FF2C4D26F100FCD275 /* CustomButton.swift */,
			);
			path = Components;
			sourceTree = "<group>";
		};
		83B60BC42C2A8B3D00B310C9 /* Welcome */ = {
			isa = PBXGroup;
			children = (
				83B60BC52C2A8B5900B310C9 /* WelcomeViewController.swift */,
			);
			path = Welcome;
			sourceTree = "<group>";
		};
		83B8A6F52C43D1A200FCD275 /* Common */ = {
			isa = PBXGroup;
			children = (
				83B8A6F62C43D1BD00FCD275 /* Color.swift */,
			);
			path = Common;
			sourceTree = "<group>";
		};
		83B8A6F82C43D2D900FCD275 /* Extensions */ = {
			isa = PBXGroup;
			children = (
				83B8A6F92C43D2FC00FCD275 /* String+Color.swift */,
				83B8A6FD2C43D71100FCD275 /* String+Image.swift */,
			);
			path = Extensions;
			sourceTree = "<group>";
		};
/* End PBXGroup section */

/* Begin PBXNativeTarget section */
		83586F312C1B1EB70040F136 /* VkApp */ = {
			isa = PBXNativeTarget;
			buildConfigurationList = 83586F462C1B1EC00040F136 /* Build configuration list for PBXNativeTarget "VkApp" */;
			buildPhases = (
				83586F2E2C1B1EB70040F136 /* Sources */,
				83586F2F2C1B1EB70040F136 /* Frameworks */,
				83586F302C1B1EB70040F136 /* Resources */,
			);
			buildRules = (
			);
			dependencies = (
			);
			name = VkApp;
			productName = VkApp;
			productReference = 83586F322C1B1EB70040F136 /* VkApp.app */;
			productType = "com.apple.product-type.application";
		};
/* End PBXNativeTarget section */

/* Begin PBXProject section */
		83586F2A2C1B1EB60040F136 /* Project object */ = {
			isa = PBXProject;
			attributes = {
				BuildIndependentTargetsInParallel = 1;
				LastSwiftUpdateCheck = 1430;
				LastUpgradeCheck = 1430;
				ORGANIZATIONNAME = "earl-grey";
				TargetAttributes = {
					83586F312C1B1EB70040F136 = {
						CreatedOnToolsVersion = 14.3.1;
					};
				};
			};
			buildConfigurationList = 83586F2D2C1B1EB60040F136 /* Build configuration list for PBXProject "VkApp" */;
			compatibilityVersion = "Xcode 14.0";
			developmentRegion = en;
			hasScannedForEncodings = 0;
			knownRegions = (
				en,
				Base,
			);
			mainGroup = 83586F292C1B1EB60040F136;
			productRefGroup = 83586F332C1B1EB70040F136 /* Products */;
			projectDirPath = "";
			projectRoot = "";
			targets = (
				83586F312C1B1EB70040F136 /* VkApp */,
			);
		};
/* End PBXProject section */

/* Begin PBXResourcesBuildPhase section */
		83586F302C1B1EB70040F136 /* Resources */ = {
			isa = PBXResourcesBuildPhase;
			buildActionMask = 2147483647;
			files = (
				83B8A6FC2C43D65900FCD275 /* images.xcassets in Resources */,
				83586F3F2C1B1EC00040F136 /* app.xcassets in Resources */,
				83B8A6F42C43D00300FCD275 /* colors.xcassets in Resources */,
			);
			runOnlyForDeploymentPostprocessing = 0;
		};
/* End PBXResourcesBuildPhase section */

/* Begin PBXSourcesBuildPhase section */
		83586F2E2C1B1EB70040F136 /* Sources */ = {
			isa = PBXSourcesBuildPhase;
			buildActionMask = 2147483647;
			files = (
				83B60BC62C2A8B5900B310C9 /* WelcomeViewController.swift in Sources */,
				83586F362C1B1EB70040F136 /* AppDelegate.swift in Sources */,
				83B8A6FA2C43D2FC00FCD275 /* String+Color.swift in Sources */,
				838BFD9F2C3FA97F00941063 /* GradientView.swift in Sources */,
				83B8A7002C4D26F100FCD275 /* CustomButton.swift in Sources */,
				83B8A6F72C43D1BD00FCD275 /* Color.swift in Sources */,
				83586F382C1B1EB70040F136 /* SceneDelegate.swift in Sources */,
				83B8A6FE2C43D71100FCD275 /* String+Image.swift in Sources */,
			);
			runOnlyForDeploymentPostprocessing = 0;
		};
/* End PBXSourcesBuildPhase section */

/* Begin XCBuildConfiguration section */
		83586F442C1B1EC00040F136 /* Debug */ = {
			isa = XCBuildConfiguration;
			buildSettings = {
				ALWAYS_SEARCH_USER_PATHS = NO;
				CLANG_ANALYZER_NONNULL = YES;
				CLANG_ANALYZER_NUMBER_OBJECT_CONVERSION = YES_AGGRESSIVE;
				CLANG_CXX_LANGUAGE_STANDARD = "gnu++20";
				CLANG_ENABLE_MODULES = YES;
				CLANG_ENABLE_OBJC_ARC = YES;
				CLANG_ENABLE_OBJC_WEAK = YES;
				CLANG_WARN_BLOCK_CAPTURE_AUTORELEASING = YES;
				CLANG_WARN_BOOL_CONVERSION = YES;
				CLANG_WARN_COMMA = YES;
				CLANG_WARN_CONSTANT_CONVERSION = YES;
				CLANG_WARN_DEPRECATED_OBJC_IMPLEMENTATIONS = YES;
				CLANG_WARN_DIRECT_OBJC_ISA_USAGE = YES_ERROR;
				CLANG_WARN_DOCUMENTATION_COMMENTS = YES;
				CLANG_WARN_EMPTY_BODY = YES;
				CLANG_WARN_ENUM_CONVERSION = YES;
				CLANG_WARN_INFINITE_RECURSION = YES;
				CLANG_WARN_INT_CONVERSION = YES;
				CLANG_WARN_NON_LITERAL_NULL_CONVERSION = YES;
				CLANG_WARN_OBJC_IMPLICIT_RETAIN_SELF = YES;
				CLANG_WARN_OBJC_LITERAL_CONVERSION = YES;
				CLANG_WARN_OBJC_ROOT_CLASS = YES_ERROR;
				CLANG_WARN_QUOTED_INCLUDE_IN_FRAMEWORK_HEADER = YES;
				CLANG_WARN_RANGE_LOOP_ANALYSIS = YES;
				CLANG_WARN_STRICT_PROTOTYPES = YES;
				CLANG_WARN_SUSPICIOUS_MOVE = YES;
				CLANG_WARN_UNGUARDED_AVAILABILITY = YES_AGGRESSIVE;
				CLANG_WARN_UNREACHABLE_CODE = YES;
				CLANG_WARN__DUPLICATE_METHOD_MATCH = YES;
				COPY_PHASE_STRIP = NO;
				DEBUG_INFORMATION_FORMAT = dwarf;
				ENABLE_STRICT_OBJC_MSGSEND = YES;
				ENABLE_TESTABILITY = YES;
				GCC_C_LANGUAGE_STANDARD = gnu11;
				GCC_DYNAMIC_NO_PIC = NO;
				GCC_NO_COMMON_BLOCKS = YES;
				GCC_OPTIMIZATION_LEVEL = 0;
				GCC_PREPROCESSOR_DEFINITIONS = (
					"DEBUG=1",
					"$(inherited)",
				);
				GCC_WARN_64_TO_32_BIT_CONVERSION = YES;
				GCC_WARN_ABOUT_RETURN_TYPE = YES_ERROR;
				GCC_WARN_UNDECLARED_SELECTOR = YES;
				GCC_WARN_UNINITIALIZED_AUTOS = YES_AGGRESSIVE;
				GCC_WARN_UNUSED_FUNCTION = YES;
				GCC_WARN_UNUSED_VARIABLE = YES;
				IPHONEOS_DEPLOYMENT_TARGET = 16.4;
				MTL_ENABLE_DEBUG_INFO = INCLUDE_SOURCE;
				MTL_FAST_MATH = YES;
				ONLY_ACTIVE_ARCH = YES;
				SDKROOT = iphoneos;
				SWIFT_ACTIVE_COMPILATION_CONDITIONS = DEBUG;
				SWIFT_OPTIMIZATION_LEVEL = "-Onone";
			};
			name = Debug;
		};
		83586F452C1B1EC00040F136 /* Release */ = {
			isa = XCBuildConfiguration;
			buildSettings = {
				ALWAYS_SEARCH_USER_PATHS = NO;
				CLANG_ANALYZER_NONNULL = YES;
				CLANG_ANALYZER_NUMBER_OBJECT_CONVERSION = YES_AGGRESSIVE;
				CLANG_CXX_LANGUAGE_STANDARD = "gnu++20";
				CLANG_ENABLE_MODULES = YES;
				CLANG_ENABLE_OBJC_ARC = YES;
				CLANG_ENABLE_OBJC_WEAK = YES;
				CLANG_WARN_BLOCK_CAPTURE_AUTORELEASING = YES;
				CLANG_WARN_BOOL_CONVERSION = YES;
				CLANG_WARN_COMMA = YES;
				CLANG_WARN_CONSTANT_CONVERSION = YES;
				CLANG_WARN_DEPRECATED_OBJC_IMPLEMENTATIONS = YES;
				CLANG_WARN_DIRECT_OBJC_ISA_USAGE = YES_ERROR;
				CLANG_WARN_DOCUMENTATION_COMMENTS = YES;
				CLANG_WARN_EMPTY_BODY = YES;
				CLANG_WARN_ENUM_CONVERSION = YES;
				CLANG_WARN_INFINITE_RECURSION = YES;
				CLANG_WARN_INT_CONVERSION = YES;
				CLANG_WARN_NON_LITERAL_NULL_CONVERSION = YES;
				CLANG_WARN_OBJC_IMPLICIT_RETAIN_SELF = YES;
				CLANG_WARN_OBJC_LITERAL_CONVERSION = YES;
				CLANG_WARN_OBJC_ROOT_CLASS = YES_ERROR;
				CLANG_WARN_QUOTED_INCLUDE_IN_FRAMEWORK_HEADER = YES;
				CLANG_WARN_RANGE_LOOP_ANALYSIS = YES;
				CLANG_WARN_STRICT_PROTOTYPES = YES;
				CLANG_WARN_SUSPICIOUS_MOVE = YES;
				CLANG_WARN_UNGUARDED_AVAILABILITY = YES_AGGRESSIVE;
				CLANG_WARN_UNREACHABLE_CODE = YES;
				CLANG_WARN__DUPLICATE_METHOD_MATCH = YES;
				COPY_PHASE_STRIP = NO;
				DEBUG_INFORMATION_FORMAT = "dwarf-with-dsym";
				ENABLE_NS_ASSERTIONS = NO;
				ENABLE_STRICT_OBJC_MSGSEND = YES;
				GCC_C_LANGUAGE_STANDARD = gnu11;
				GCC_NO_COMMON_BLOCKS = YES;
				GCC_WARN_64_TO_32_BIT_CONVERSION = YES;
				GCC_WARN_ABOUT_RETURN_TYPE = YES_ERROR;
				GCC_WARN_UNDECLARED_SELECTOR = YES;
				GCC_WARN_UNINITIALIZED_AUTOS = YES_AGGRESSIVE;
				GCC_WARN_UNUSED_FUNCTION = YES;
				GCC_WARN_UNUSED_VARIABLE = YES;
				IPHONEOS_DEPLOYMENT_TARGET = 16.4;
				MTL_ENABLE_DEBUG_INFO = NO;
				MTL_FAST_MATH = YES;
				SDKROOT = iphoneos;
				SWIFT_COMPILATION_MODE = wholemodule;
				SWIFT_OPTIMIZATION_LEVEL = "-O";
				VALIDATE_PRODUCT = YES;
			};
			name = Release;
		};
		83586F472C1B1EC00040F136 /* Debug */ = {
			isa = XCBuildConfiguration;
			buildSettings = {
				ASSETCATALOG_COMPILER_APPICON_NAME = AppIcon;
				CODE_SIGN_STYLE = Automatic;
				CURRENT_PROJECT_VERSION = 1;
				DEVELOPMENT_TEAM = XJ2GHDKS2G;
				GENERATE_INFOPLIST_FILE = YES;
				INFOPLIST_FILE = app/config/Info.plist;
				INFOPLIST_KEY_UIApplicationSupportsIndirectInputEvents = YES;
				INFOPLIST_KEY_UILaunchStoryboardName = LaunchScreen;
				INFOPLIST_KEY_UISupportedInterfaceOrientations_iPad = "UIInterfaceOrientationPortrait UIInterfaceOrientationPortraitUpsideDown UIInterfaceOrientationLandscapeLeft UIInterfaceOrientationLandscapeRight";
				INFOPLIST_KEY_UISupportedInterfaceOrientations_iPhone = "UIInterfaceOrientationPortrait UIInterfaceOrientationLandscapeLeft UIInterfaceOrientationLandscapeRight";
				LD_RUNPATH_SEARCH_PATHS = (
					"$(inherited)",
					"@executable_path/Frameworks",
				);
				MARKETING_VERSION = 1.0;
				PRODUCT_BUNDLE_IDENTIFIER = "earl-grey.VkApp";
				PRODUCT_NAME = "$(TARGET_NAME)";
				SWIFT_EMIT_LOC_STRINGS = YES;
				SWIFT_VERSION = 5.0;
				TARGETED_DEVICE_FAMILY = "1,2";
			};
			name = Debug;
		};
		83586F482C1B1EC00040F136 /* Release */ = {
			isa = XCBuildConfiguration;
			buildSettings = {
				ASSETCATALOG_COMPILER_APPICON_NAME = AppIcon;
				CODE_SIGN_STYLE = Automatic;
				CURRENT_PROJECT_VERSION = 1;
				DEVELOPMENT_TEAM = XJ2GHDKS2G;
				GENERATE_INFOPLIST_FILE = YES;
				INFOPLIST_FILE = app/config/Info.plist;
				INFOPLIST_KEY_UIApplicationSupportsIndirectInputEvents = YES;
				INFOPLIST_KEY_UILaunchStoryboardName = LaunchScreen;
				INFOPLIST_KEY_UISupportedInterfaceOrientations_iPad = "UIInterfaceOrientationPortrait UIInterfaceOrientationPortraitUpsideDown UIInterfaceOrientationLandscapeLeft UIInterfaceOrientationLandscapeRight";
				INFOPLIST_KEY_UISupportedInterfaceOrientations_iPhone = "UIInterfaceOrientationPortrait UIInterfaceOrientationLandscapeLeft UIInterfaceOrientationLandscapeRight";
				LD_RUNPATH_SEARCH_PATHS = (
					"$(inherited)",
					"@executable_path/Frameworks",
				);
				MARKETING_VERSION = 1.0;
				PRODUCT_BUNDLE_IDENTIFIER = "earl-grey.VkApp";
				PRODUCT_NAME = "$(TARGET_NAME)";
				SWIFT_EMIT_LOC_STRINGS = YES;
				SWIFT_VERSION = 5.0;
				TARGETED_DEVICE_FAMILY = "1,2";
			};
			name = Release;
		};
/* End XCBuildConfiguration section */

/* Begin XCConfigurationList section */
		83586F2D2C1B1EB60040F136 /* Build configuration list for PBXProject "VkApp" */ = {
			isa = XCConfigurationList;
			buildConfigurations = (
				83586F442C1B1EC00040F136 /* Debug */,
				83586F452C1B1EC00040F136 /* Release */,
			);
			defaultConfigurationIsVisible = 0;
			defaultConfigurationName = Release;
		};
		83586F462C1B1EC00040F136 /* Build configuration list for PBXNativeTarget "VkApp" */ = {
			isa = XCConfigurationList;
			buildConfigurations = (
				83586F472C1B1EC00040F136 /* Debug */,
				83586F482C1B1EC00040F136 /* Release */,
			);
			defaultConfigurationIsVisible = 0;
			defaultConfigurationName = Release;
		};
/* End XCConfigurationList section */
	};
	rootObject = 83586F2A2C1B1EB60040F136 /* Project object */;
}
